
Microsoft Visual Studio Solution File, Format Version 12.00
# Visual Studio Version 17
VisualStudioVersion = 17.4.33020.496
MinimumVisualStudioVersion = 10.0.40219.1
Project("{FAE04EC0-301F-11D3-BF4B-00C04F79EFBC}") = "CI_GitHub", "CI_GitHub.csproj", "{9A1046EE-AAF6-48B4-8117-2E8BB0181BD8}"
EndProject
Global
	GlobalSection(SolutionConfigurationPlatforms) = preSolution
		Debug|Any CPU = Debug|Any CPU
		Release|Any CPU = Release|Any CPU
	EndGlobalSection
	GlobalSection(ProjectConfigurationPlatforms) = postSolution
		{9A1046EE-AAF6-48B4-8117-2E8BB0181BD8}.Debug|Any CPU.ActiveCfg = Debug|Any CPU
		{9A1046EE-AAF6-48B4-8117-2E8BB0181BD8}.Debug|Any CPU.Build.0 = Debug|Any CPU
		{9A1046EE-AAF6-48B4-8117-2E8BB0181BD8}.Release|Any CPU.ActiveCfg = Release|Any CPU
		{9A1046EE-AAF6-48B4-8117-2E8BB0181BD8}.Release|Any CPU.Build.0 = Release|Any CPU
	EndGlobalSection
	GlobalSection(SolutionProperties) = preSolution
		HideSolutionNode = FALSE
	EndGlobalSection
	GlobalSection(ExtensibilityGlobals) = postSolution
		SolutionGuid = {62931F9F-C825-4E16-A8D9-2B5C772DD233}
	EndGlobalSection
EndGlobal
